
Microsoft Visual Studio Solution File, Format Version 12.00
# Visual Studio Version 17
VisualStudioVersion = 17.5.001.0
MinimumVisualStudioVersion = 10.0.40219.1
Project("{9A19103F-16F7-4668-BE54-9A1E7A4F7556}") = "BookApi", "BookApi.csproj", "{A0547181-1390-4AD1-ACC7-0FCB6B0A7F48}"
EndProject
Global
	GlobalSection(SolutionConfigurationPlatforms) = preSolution
		Debug|Any CPU = Debug|Any CPU
		Release|Any CPU = Release|Any CPU
	EndGlobalSection
	GlobalSection(ProjectConfigurationPlatforms) = postSolution
		{A0547181-1390-4AD1-ACC7-0FCB6B0A7F48}.Debug|Any CPU.ActiveCfg = Debug|Any CPU
		{A0547181-1390-4AD1-ACC7-0FCB6B0A7F48}.Debug|Any CPU.Build.0 = Debug|Any CPU
		{A0547181-1390-4AD1-ACC7-0FCB6B0A7F48}.Release|Any CPU.ActiveCfg = Release|Any CPU
		{A0547181-1390-4AD1-ACC7-0FCB6B0A7F48}.Release|Any CPU.Build.0 = Release|Any CPU
	EndGlobalSection
	GlobalSection(SolutionProperties) = preSolution
		HideSolutionNode = FALSE
	EndGlobalSection
	GlobalSection(ExtensibilityGlobals) = postSolution
		SolutionGuid = {B822EB54-A34D-4BDB-9012-2202C5373510}
	EndGlobalSection
EndGlobal
